// !$*UTF8*$!
{
	archiveVersion = 1;
	classes = {
	};
	objectVersion = 50;
	objects = {

/* Begin PBXBuildFile section */
		6D16674823EAF2C1008FFF7F /* ShowCityWeatherVC.swift in Sources */ = {isa = PBXBuildFile; fileRef = 6D16674723EAF2C1008FFF7F /* ShowCityWeatherVC.swift */; };
		6D16674A23EC3C78008FFF7F /* CityWeatherAPI.swift in Sources */ = {isa = PBXBuildFile; fileRef = 6D16674923EC3C78008FFF7F /* CityWeatherAPI.swift */; };
		6D32380C23E9912000F83D8B /* AppDelegate.swift in Sources */ = {isa = PBXBuildFile; fileRef = 6D32380B23E9912000F83D8B /* AppDelegate.swift */; };
		6D32380E23E9912000F83D8B /* SceneDelegate.swift in Sources */ = {isa = PBXBuildFile; fileRef = 6D32380D23E9912000F83D8B /* SceneDelegate.swift */; };
		6D32381323E9912000F83D8B /* Main.storyboard in Resources */ = {isa = PBXBuildFile; fileRef = 6D32381123E9912000F83D8B /* Main.storyboard */; };
		6D32381523E9912400F83D8B /* Assets.xcassets in Resources */ = {isa = PBXBuildFile; fileRef = 6D32381423E9912400F83D8B /* Assets.xcassets */; };
		6D32381823E9912400F83D8B /* LaunchScreen.storyboard in Resources */ = {isa = PBXBuildFile; fileRef = 6D32381623E9912400F83D8B /* LaunchScreen.storyboard */; };
		6D32382023E995FC00F83D8B /* WeatherTableVC.swift in Sources */ = {isa = PBXBuildFile; fileRef = 6D32381F23E995FC00F83D8B /* WeatherTableVC.swift */; };
		6D32382723E9992700F83D8B /* customWeatherCell.swift in Sources */ = {isa = PBXBuildFile; fileRef = 6D32382523E9992700F83D8B /* customWeatherCell.swift */; };
		6D32382823E9992700F83D8B /* customWeatherCell.xib in Resources */ = {isa = PBXBuildFile; fileRef = 6D32382623E9992700F83D8B /* customWeatherCell.xib */; };
		6D3C628123EC508F003591AA /* FavoriteTableVC.swift in Sources */ = {isa = PBXBuildFile; fileRef = 6D3C628023EC508F003591AA /* FavoriteTableVC.swift */; };
		6D5B16CA23F1A90300D1D41C /* MainMenuViewController.swift in Sources */ = {isa = PBXBuildFile; fileRef = 6D5B16C923F1A90300D1D41C /* MainMenuViewController.swift */; };
		6D5B16CC23F55ABD00D1D41C /* CompareWeatherPV.swift in Sources */ = {isa = PBXBuildFile; fileRef = 6D5B16CB23F55ABD00D1D41C /* CompareWeatherPV.swift */; };
		6DC5A28A23EE446E009957B8 /* cityData.swift in Sources */ = {isa = PBXBuildFile; fileRef = 6DC5A28923EE446E009957B8 /* cityData.swift */; };
		6DFB8DA423F13B9200ECD91D /* Extensions.swift in Sources */ = {isa = PBXBuildFile; fileRef = 6DFB8DA323F13B9200ECD91D /* Extensions.swift */; };
		EF9490FA7E9EB7EB4B384A74 /* Pods_Labb1Swift.framework in Frameworks */ = {isa = PBXBuildFile; fileRef = 647EA5B0F95DE4A5695CDEE5 /* Pods_Labb1Swift.framework */; };
/* End PBXBuildFile section */

/* Begin PBXFileReference section */
		3C1BF9E24C9955376E101FA8 /* Pods-Labb1Swift.debug.xcconfig */ = {isa = PBXFileReference; includeInIndex = 1; lastKnownFileType = text.xcconfig; name = "Pods-Labb1Swift.debug.xcconfig"; path = "Pods/Target Support Files/Pods-Labb1Swift/Pods-Labb1Swift.debug.xcconfig"; sourceTree = "<group>"; };
		647EA5B0F95DE4A5695CDEE5 /* Pods_Labb1Swift.framework */ = {isa = PBXFileReference; explicitFileType = wrapper.framework; includeInIndex = 0; path = Pods_Labb1Swift.framework; sourceTree = BUILT_PRODUCTS_DIR; };
		6D16674723EAF2C1008FFF7F /* ShowCityWeatherVC.swift */ = {isa = PBXFileReference; lastKnownFileType = sourcecode.swift; path = ShowCityWeatherVC.swift; sourceTree = "<group>"; };
		6D16674923EC3C78008FFF7F /* CityWeatherAPI.swift */ = {isa = PBXFileReference; lastKnownFileType = sourcecode.swift; path = CityWeatherAPI.swift; sourceTree = "<group>"; };
		6D32380823E9912000F83D8B /* Labb1Swift.app */ = {isa = PBXFileReference; explicitFileType = wrapper.application; includeInIndex = 0; path = Labb1Swift.app; sourceTree = BUILT_PRODUCTS_DIR; };
		6D32380B23E9912000F83D8B /* AppDelegate.swift */ = {isa = PBXFileReference; lastKnownFileType = sourcecode.swift; path = AppDelegate.swift; sourceTree = "<group>"; };
		6D32380D23E9912000F83D8B /* SceneDelegate.swift */ = {isa = PBXFileReference; lastKnownFileType = sourcecode.swift; path = SceneDelegate.swift; sourceTree = "<group>"; };
		6D32381223E9912000F83D8B /* Base */ = {isa = PBXFileReference; lastKnownFileType = file.storyboard; name = Base; path = Base.lproj/Main.storyboard; sourceTree = "<group>"; };
		6D32381423E9912400F83D8B /* Assets.xcassets */ = {isa = PBXFileReference; lastKnownFileType = folder.assetcatalog; path = Assets.xcassets; sourceTree = "<group>"; };
		6D32381723E9912400F83D8B /* Base */ = {isa = PBXFileReference; lastKnownFileType = file.storyboard; name = Base; path = Base.lproj/LaunchScreen.storyboard; sourceTree = "<group>"; };
		6D32381923E9912400F83D8B /* Info.plist */ = {isa = PBXFileReference; lastKnownFileType = text.plist.xml; path = Info.plist; sourceTree = "<group>"; };
		6D32381F23E995FC00F83D8B /* WeatherTableVC.swift */ = {isa = PBXFileReference; lastKnownFileType = sourcecode.swift; path = WeatherTableVC.swift; sourceTree = "<group>"; };
		6D32382523E9992700F83D8B /* customWeatherCell.swift */ = {isa = PBXFileReference; lastKnownFileType = sourcecode.swift; path = customWeatherCell.swift; sourceTree = "<group>"; };
		6D32382623E9992700F83D8B /* customWeatherCell.xib */ = {isa = PBXFileReference; lastKnownFileType = file.xib; name = customWeatherCell.xib; path = ../customWeatherCell.xib; sourceTree = "<group>"; };
		6D3C628023EC508F003591AA /* FavoriteTableVC.swift */ = {isa = PBXFileReference; lastKnownFileType = sourcecode.swift; path = FavoriteTableVC.swift; sourceTree = "<group>"; };
		6D5B16C923F1A90300D1D41C /* MainMenuViewController.swift */ = {isa = PBXFileReference; lastKnownFileType = sourcecode.swift; path = MainMenuViewController.swift; sourceTree = "<group>"; };
		6D5B16CB23F55ABD00D1D41C /* CompareWeatherPV.swift */ = {isa = PBXFileReference; lastKnownFileType = sourcecode.swift; path = CompareWeatherPV.swift; sourceTree = "<group>"; };
		6DC5A28923EE446E009957B8 /* cityData.swift */ = {isa = PBXFileReference; lastKnownFileType = sourcecode.swift; path = cityData.swift; sourceTree = "<group>"; };
		6DFB8DA323F13B9200ECD91D /* Extensions.swift */ = {isa = PBXFileReference; lastKnownFileType = sourcecode.swift; path = Extensions.swift; sourceTree = "<group>"; };
		735A617DE5258DC87BC9C2D8 /* Pods-Labb1Swift.release.xcconfig */ = {isa = PBXFileReference; includeInIndex = 1; lastKnownFileType = text.xcconfig; name = "Pods-Labb1Swift.release.xcconfig"; path = "Pods/Target Support Files/Pods-Labb1Swift/Pods-Labb1Swift.release.xcconfig"; sourceTree = "<group>"; };
/* End PBXFileReference section */

/* Begin PBXFrameworksBuildPhase section */
		6D32380523E9912000F83D8B /* Frameworks */ = {
			isa = PBXFrameworksBuildPhase;
			buildActionMask = 2147483647;
			files = (
				EF9490FA7E9EB7EB4B384A74 /* Pods_Labb1Swift.framework in Frameworks */,
			);
			runOnlyForDeploymentPostprocessing = 0;
		};
/* End PBXFrameworksBuildPhase section */

/* Begin PBXGroup section */
		32DF67764B0B75C7213289CA /* Frameworks */ = {
			isa = PBXGroup;
			children = (
				647EA5B0F95DE4A5695CDEE5 /* Pods_Labb1Swift.framework */,
			);
			name = Frameworks;
			sourceTree = "<group>";
		};
		6D3237FF23E9912000F83D8B = {
			isa = PBXGroup;
			children = (
				6D32380A23E9912000F83D8B /* Labb1Swift */,
				6D32380923E9912000F83D8B /* Products */,
				A86F58BB8643AFCB8E798E19 /* Pods */,
				32DF67764B0B75C7213289CA /* Frameworks */,
			);
			sourceTree = "<group>";
		};
		6D32380923E9912000F83D8B /* Products */ = {
			isa = PBXGroup;
			children = (
				6D32380823E9912000F83D8B /* Labb1Swift.app */,
			);
			name = Products;
			sourceTree = "<group>";
		};
		6D32380A23E9912000F83D8B /* Labb1Swift */ = {
			isa = PBXGroup;
			children = (
				6D32380B23E9912000F83D8B /* AppDelegate.swift */,
				6D32380D23E9912000F83D8B /* SceneDelegate.swift */,
				6D3C628023EC508F003591AA /* FavoriteTableVC.swift */,
				6D16674723EAF2C1008FFF7F /* ShowCityWeatherVC.swift */,
				6D32381F23E995FC00F83D8B /* WeatherTableVC.swift */,
				6D5B16C923F1A90300D1D41C /* MainMenuViewController.swift */,
				6D16674923EC3C78008FFF7F /* CityWeatherAPI.swift */,
				6DC5A28923EE446E009957B8 /* cityData.swift */,
				6DFB8DA323F13B9200ECD91D /* Extensions.swift */,
				6D32382523E9992700F83D8B /* customWeatherCell.swift */,
				6D32381123E9912000F83D8B /* Main.storyboard */,
				6D5B16CB23F55ABD00D1D41C /* CompareWeatherPV.swift */,
				6D32382623E9992700F83D8B /* customWeatherCell.xib */,
				6D32381623E9912400F83D8B /* LaunchScreen.storyboard */,
				6D32381423E9912400F83D8B /* Assets.xcassets */,
				6D32381923E9912400F83D8B /* Info.plist */,
			);
			path = Labb1Swift;
			sourceTree = "<group>";
		};
		A86F58BB8643AFCB8E798E19 /* Pods */ = {
			isa = PBXGroup;
			children = (
				3C1BF9E24C9955376E101FA8 /* Pods-Labb1Swift.debug.xcconfig */,
				735A617DE5258DC87BC9C2D8 /* Pods-Labb1Swift.release.xcconfig */,
			);
			name = Pods;
			sourceTree = "<group>";
		};
/* End PBXGroup section */

/* Begin PBXNativeTarget section */
		6D32380723E9912000F83D8B /* Labb1Swift */ = {
			isa = PBXNativeTarget;
			buildConfigurationList = 6D32381C23E9912400F83D8B /* Build configuration list for PBXNativeTarget "Labb1Swift" */;
			buildPhases = (
				AC60654686D454CE02EB2868 /* [CP] Check Pods Manifest.lock */,
				6D32380423E9912000F83D8B /* Sources */,
				6D32380523E9912000F83D8B /* Frameworks */,
				6D32380623E9912000F83D8B /* Resources */,
				B32604A19D8C06EA12F91904 /* [CP] Embed Pods Frameworks */,
			);
			buildRules = (
			);
			dependencies = (
			);
			name = Labb1Swift;
			productName = Labb1Swift;
			productReference = 6D32380823E9912000F83D8B /* Labb1Swift.app */;
			productType = "com.apple.product-type.application";
		};
/* End PBXNativeTarget section */

/* Begin PBXProject section */
		6D32380023E9912000F83D8B /* Project object */ = {
			isa = PBXProject;
			attributes = {
				LastSwiftUpdateCheck = 1130;
				LastUpgradeCheck = 1130;
				ORGANIZATIONNAME = "Jesper Stenlund";
				TargetAttributes = {
					6D32380723E9912000F83D8B = {
						CreatedOnToolsVersion = 11.3.1;
					};
				};
			};
			buildConfigurationList = 6D32380323E9912000F83D8B /* Build configuration list for PBXProject "Labb1Swift" */;
			compatibilityVersion = "Xcode 9.3";
			developmentRegion = en;
			hasScannedForEncodings = 0;
			knownRegions = (
				en,
				Base,
			);
			mainGroup = 6D3237FF23E9912000F83D8B;
			productRefGroup = 6D32380923E9912000F83D8B /* Products */;
			projectDirPath = "";
			projectRoot = "";
			targets = (
				6D32380723E9912000F83D8B /* Labb1Swift */,
			);
		};
/* End PBXProject section */

/* Begin PBXResourcesBuildPhase section */
		6D32380623E9912000F83D8B /* Resources */ = {
			isa = PBXResourcesBuildPhase;
			buildActionMask = 2147483647;
			files = (
				6D32381823E9912400F83D8B /* LaunchScreen.storyboard in Resources */,
				6D32382823E9992700F83D8B /* customWeatherCell.xib in Resources */,
				6D32381523E9912400F83D8B /* Assets.xcassets in Resources */,
				6D32381323E9912000F83D8B /* Main.storyboard in Resources */,
			);
			runOnlyForDeploymentPostprocessing = 0;
		};
/* End PBXResourcesBuildPhase section */

/* Begin PBXShellScriptBuildPhase section */
		AC60654686D454CE02EB2868 /* [CP] Check Pods Manifest.lock */ = {
			isa = PBXShellScriptBuildPhase;
			buildActionMask = 2147483647;
			files = (
			);
			inputPaths = (
				"${PODS_PODFILE_DIR_PATH}/Podfile.lock",
				"${PODS_ROOT}/Manifest.lock",
			);
			name = "[CP] Check Pods Manifest.lock";
			outputPaths = (
				"$(DERIVED_FILE_DIR)/Pods-Labb1Swift-checkManifestLockResult.txt",
			);
			runOnlyForDeploymentPostprocessing = 0;
			shellPath = /bin/sh;
			shellScript = "diff \"${PODS_PODFILE_DIR_PATH}/Podfile.lock\" \"${PODS_ROOT}/Manifest.lock\" > /dev/null\nif [ $? != 0 ] ; then\n    # print error to STDERR\n    echo \"error: The sandbox is not in sync with the Podfile.lock. Run 'pod install' or update your CocoaPods installation.\" >&2\n    exit 1\nfi\n# This output is used by Xcode 'outputs' to avoid re-running this script phase.\necho \"SUCCESS\" > \"${SCRIPT_OUTPUT_FILE_0}\"\n";
			showEnvVarsInLog = 0;
		};
		B32604A19D8C06EA12F91904 /* [CP] Embed Pods Frameworks */ = {
			isa = PBXShellScriptBuildPhase;
			buildActionMask = 2147483647;
			files = (
			);
			inputPaths = (
				"${SRCROOT}/Pods/Target Support Files/Pods-Labb1Swift/Pods-Labb1Swift-frameworks.sh",
				"${BUILT_PRODUCTS_DIR}/Alamofire/Alamofire.framework",
				"${BUILT_PRODUCTS_DIR}/Charts/Charts.framework",
				"${BUILT_PRODUCTS_DIR}/SwiftyJSON/SwiftyJSON.framework",
			);
			name = "[CP] Embed Pods Frameworks";
			outputPaths = (
				"${TARGET_BUILD_DIR}/${FRAMEWORKS_FOLDER_PATH}/Alamofire.framework",
				"${TARGET_BUILD_DIR}/${FRAMEWORKS_FOLDER_PATH}/Charts.framework",
				"${TARGET_BUILD_DIR}/${FRAMEWORKS_FOLDER_PATH}/SwiftyJSON.framework",
			);
			runOnlyForDeploymentPostprocessing = 0;
			shellPath = /bin/sh;
			shellScript = "\"${SRCROOT}/Pods/Target Support Files/Pods-Labb1Swift/Pods-Labb1Swift-frameworks.sh\"\n";
			showEnvVarsInLog = 0;
		};
/* End PBXShellScriptBuildPhase section */

/* Begin PBXSourcesBuildPhase section */
		6D32380423E9912000F83D8B /* Sources */ = {
			isa = PBXSourcesBuildPhase;
			buildActionMask = 2147483647;
			files = (
				6D32382023E995FC00F83D8B /* WeatherTableVC.swift in Sources */,
				6D16674A23EC3C78008FFF7F /* CityWeatherAPI.swift in Sources */,
				6DC5A28A23EE446E009957B8 /* cityData.swift in Sources */,
				6D32382723E9992700F83D8B /* customWeatherCell.swift in Sources */,
				6DFB8DA423F13B9200ECD91D /* Extensions.swift in Sources */,
				6D3C628123EC508F003591AA /* FavoriteTableVC.swift in Sources */,
				6D5B16CA23F1A90300D1D41C /* MainMenuViewController.swift in Sources */,
				6D16674823EAF2C1008FFF7F /* ShowCityWeatherVC.swift in Sources */,
				6D32380C23E9912000F83D8B /* AppDelegate.swift in Sources */,
				6D32380E23E9912000F83D8B /* SceneDelegate.swift in Sources */,
				6D5B16CC23F55ABD00D1D41C /* CompareWeatherPV.swift in Sources */,
			);
			runOnlyForDeploymentPostprocessing = 0;
		};
/* End PBXSourcesBuildPhase section */

/* Begin PBXVariantGroup section */
		6D32381123E9912000F83D8B /* Main.storyboard */ = {
			isa = PBXVariantGroup;
			children = (
				6D32381223E9912000F83D8B /* Base */,
			);
			name = Main.storyboard;
			sourceTree = "<group>";
		};
		6D32381623E9912400F83D8B /* LaunchScreen.storyboard */ = {
			isa = PBXVariantGroup;
			children = (
				6D32381723E9912400F83D8B /* Base */,
			);
			name = LaunchScreen.storyboard;
			sourceTree = "<group>";
		};
/* End PBXVariantGroup section */

/* Begin XCBuildConfiguration section */
		6D32381A23E9912400F83D8B /* Debug */ = {
			isa = XCBuildConfiguration;
			buildSettings = {
				ALWAYS_SEARCH_USER_PATHS = NO;
				CLANG_ANALYZER_NONNULL = YES;
				CLANG_ANALYZER_NUMBER_OBJECT_CONVERSION = YES_AGGRESSIVE;
				CLANG_CXX_LANGUAGE_STANDARD = "gnu++14";
				CLANG_CXX_LIBRARY = "libc++";
				CLANG_ENABLE_MODULES = YES;
				CLANG_ENABLE_OBJC_ARC = YES;
				CLANG_ENABLE_OBJC_WEAK = YES;
				CLANG_WARN_BLOCK_CAPTURE_AUTORELEASING = YES;
				CLANG_WARN_BOOL_CONVERSION = YES;
				CLANG_WARN_COMMA = YES;
				CLANG_WARN_CONSTANT_CONVERSION = YES;
				CLANG_WARN_DEPRECATED_OBJC_IMPLEMENTATIONS = YES;
				CLANG_WARN_DIRECT_OBJC_ISA_USAGE = YES_ERROR;
				CLANG_WARN_DOCUMENTATION_COMMENTS = YES;
				CLANG_WARN_EMPTY_BODY = YES;
				CLANG_WARN_ENUM_CONVERSION = YES;
				CLANG_WARN_INFINITE_RECURSION = YES;
				CLANG_WARN_INT_CONVERSION = YES;
				CLANG_WARN_NON_LITERAL_NULL_CONVERSION = YES;
				CLANG_WARN_OBJC_IMPLICIT_RETAIN_SELF = YES;
				CLANG_WARN_OBJC_LITERAL_CONVERSION = YES;
				CLANG_WARN_OBJC_ROOT_CLASS = YES_ERROR;
				CLANG_WARN_RANGE_LOOP_ANALYSIS = YES;
				CLANG_WARN_STRICT_PROTOTYPES = YES;
				CLANG_WARN_SUSPICIOUS_MOVE = YES;
				CLANG_WARN_UNGUARDED_AVAILABILITY = YES_AGGRESSIVE;
				CLANG_WARN_UNREACHABLE_CODE = YES;
				CLANG_WARN__DUPLICATE_METHOD_MATCH = YES;
				COPY_PHASE_STRIP = NO;
				DEBUG_INFORMATION_FORMAT = dwarf;
				ENABLE_STRICT_OBJC_MSGSEND = YES;
				ENABLE_TESTABILITY = YES;
				GCC_C_LANGUAGE_STANDARD = gnu11;
				GCC_DYNAMIC_NO_PIC = NO;
				GCC_NO_COMMON_BLOCKS = YES;
				GCC_OPTIMIZATION_LEVEL = 0;
				GCC_PREPROCESSOR_DEFINITIONS = (
					"DEBUG=1",
					"$(inherited)",
				);
				GCC_WARN_64_TO_32_BIT_CONVERSION = YES;
				GCC_WARN_ABOUT_RETURN_TYPE = YES_ERROR;
				GCC_WARN_UNDECLARED_SELECTOR = YES;
				GCC_WARN_UNINITIALIZED_AUTOS = YES_AGGRESSIVE;
				GCC_WARN_UNUSED_FUNCTION = YES;
				GCC_WARN_UNUSED_VARIABLE = YES;
				IPHONEOS_DEPLOYMENT_TARGET = 13.2;
				MTL_ENABLE_DEBUG_INFO = INCLUDE_SOURCE;
				MTL_FAST_MATH = YES;
				ONLY_ACTIVE_ARCH = YES;
				SDKROOT = iphoneos;
				SWIFT_ACTIVE_COMPILATION_CONDITIONS = DEBUG;
				SWIFT_OPTIMIZATION_LEVEL = "-Onone";
			};
			name = Debug;
		};
		6D32381B23E9912400F83D8B /* Release */ = {
			isa = XCBuildConfiguration;
			buildSettings = {
				ALWAYS_SEARCH_USER_PATHS = NO;
				CLANG_ANALYZER_NONNULL = YES;
				CLANG_ANALYZER_NUMBER_OBJECT_CONVERSION = YES_AGGRESSIVE;
				CLANG_CXX_LANGUAGE_STANDARD = "gnu++14";
				CLANG_CXX_LIBRARY = "libc++";
				CLANG_ENABLE_MODULES = YES;
				CLANG_ENABLE_OBJC_ARC = YES;
				CLANG_ENABLE_OBJC_WEAK = YES;
				CLANG_WARN_BLOCK_CAPTURE_AUTORELEASING = YES;
				CLANG_WARN_BOOL_CONVERSION = YES;
				CLANG_WARN_COMMA = YES;
				CLANG_WARN_CONSTANT_CONVERSION = YES;
				CLANG_WARN_DEPRECATED_OBJC_IMPLEMENTATIONS = YES;
				CLANG_WARN_DIRECT_OBJC_ISA_USAGE = YES_ERROR;
				CLANG_WARN_DOCUMENTATION_COMMENTS = YES;
				CLANG_WARN_EMPTY_BODY = YES;
				CLANG_WARN_ENUM_CONVERSION = YES;
				CLANG_WARN_INFINITE_RECURSION = YES;
				CLANG_WARN_INT_CONVERSION = YES;
				CLANG_WARN_NON_LITERAL_NULL_CONVERSION = YES;
				CLANG_WARN_OBJC_IMPLICIT_RETAIN_SELF = YES;
				CLANG_WARN_OBJC_LITERAL_CONVERSION = YES;
				CLANG_WARN_OBJC_ROOT_CLASS = YES_ERROR;
				CLANG_WARN_RANGE_LOOP_ANALYSIS = YES;
				CLANG_WARN_STRICT_PROTOTYPES = YES;
				CLANG_WARN_SUSPICIOUS_MOVE = YES;
				CLANG_WARN_UNGUARDED_AVAILABILITY = YES_AGGRESSIVE;
				CLANG_WARN_UNREACHABLE_CODE = YES;
				CLANG_WARN__DUPLICATE_METHOD_MATCH = YES;
				COPY_PHASE_STRIP = NO;
				DEBUG_INFORMATION_FORMAT = "dwarf-with-dsym";
				ENABLE_NS_ASSERTIONS = NO;
				ENABLE_STRICT_OBJC_MSGSEND = YES;
				GCC_C_LANGUAGE_STANDARD = gnu11;
				GCC_NO_COMMON_BLOCKS = YES;
				GCC_WARN_64_TO_32_BIT_CONVERSION = YES;
				GCC_WARN_ABOUT_RETURN_TYPE = YES_ERROR;
				GCC_WARN_UNDECLARED_SELECTOR = YES;
				GCC_WARN_UNINITIALIZED_AUTOS = YES_AGGRESSIVE;
				GCC_WARN_UNUSED_FUNCTION = YES;
				GCC_WARN_UNUSED_VARIABLE = YES;
				IPHONEOS_DEPLOYMENT_TARGET = 13.2;
				MTL_ENABLE_DEBUG_INFO = NO;
				MTL_FAST_MATH = YES;
				SDKROOT = iphoneos;
				SWIFT_COMPILATION_MODE = wholemodule;
				SWIFT_OPTIMIZATION_LEVEL = "-O";
				VALIDATE_PRODUCT = YES;
			};
			name = Release;
		};
		6D32381D23E9912400F83D8B /* Debug */ = {
			isa = XCBuildConfiguration;
			baseConfigurationReference = 3C1BF9E24C9955376E101FA8 /* Pods-Labb1Swift.debug.xcconfig */;
			buildSettings = {
				ASSETCATALOG_COMPILER_APPICON_NAME = AppIcon;
				CODE_SIGN_STYLE = Automatic;
				INFOPLIST_FILE = Labb1Swift/Info.plist;
				LD_RUNPATH_SEARCH_PATHS = (
					"$(inherited)",
					"@executable_path/Frameworks",
				);
				PRODUCT_BUNDLE_IDENTIFIER = com.jesperStenlund.Labb1Swift;
				PRODUCT_NAME = "$(TARGET_NAME)";
				SWIFT_VERSION = 5.0;
				TARGETED_DEVICE_FAMILY = "1,2";
			};
			name = Debug;
		};
		6D32381E23E9912400F83D8B /* Release */ = {
			isa = XCBuildConfiguration;
			baseConfigurationReference = 735A617DE5258DC87BC9C2D8 /* Pods-Labb1Swift.release.xcconfig */;
			buildSettings = {
				ASSETCATALOG_COMPILER_APPICON_NAME = AppIcon;
				CODE_SIGN_STYLE = Automatic;
				INFOPLIST_FILE = Labb1Swift/Info.plist;
				LD_RUNPATH_SEARCH_PATHS = (
					"$(inherited)",
					"@executable_path/Frameworks",
				);
				PRODUCT_BUNDLE_IDENTIFIER = com.jesperStenlund.Labb1Swift;
				PRODUCT_NAME = "$(TARGET_NAME)";
				SWIFT_VERSION = 5.0;
				TARGETED_DEVICE_FAMILY = "1,2";
			};
			name = Release;
		};
/* End XCBuildConfiguration section */

/* Begin XCConfigurationList section */
		6D32380323E9912000F83D8B /* Build configuration list for PBXProject "Labb1Swift" */ = {
			isa = XCConfigurationList;
			buildConfigurations = (
				6D32381A23E9912400F83D8B /* Debug */,
				6D32381B23E9912400F83D8B /* Release */,
			);
			defaultConfigurationIsVisible = 0;
			defaultConfigurationName = Release;
		};
		6D32381C23E9912400F83D8B /* Build configuration list for PBXNativeTarget "Labb1Swift" */ = {
			isa = XCConfigurationList;
			buildConfigurations = (
				6D32381D23E9912400F83D8B /* Debug */,
				6D32381E23E9912400F83D8B /* Release */,
			);
			defaultConfigurationIsVisible = 0;
			defaultConfigurationName = Release;
		};
/* End XCConfigurationList section */
	};
	rootObject = 6D32380023E9912000F83D8B /* Project object */;
}
